
Microsoft Visual Studio Solution File, Format Version 12.00
# Visual Studio Version 17
VisualStudioVersion = 17.5.33530.505
MinimumVisualStudioVersion = 10.0.40219.1
Project("{FAE04EC0-301F-11D3-BF4B-00C04F79EFBC}") = "задание", "задание\задание.csproj", "{D0FF10B6-121A-46BB-A688-11726881407F}"
EndProject
Global
	GlobalSection(SolutionConfigurationPlatforms) = preSolution
		Debug|Any CPU = Debug|Any CPU
		Release|Any CPU = Release|Any CPU
	EndGlobalSection
	GlobalSection(ProjectConfigurationPlatforms) = postSolution
		{D0FF10B6-121A-46BB-A688-11726881407F}.Debug|Any CPU.ActiveCfg = Debug|Any CPU
		{D0FF10B6-121A-46BB-A688-11726881407F}.Debug|Any CPU.Build.0 = Debug|Any CPU
		{D0FF10B6-121A-46BB-A688-11726881407F}.Release|Any CPU.ActiveCfg = Release|Any CPU
		{D0FF10B6-121A-46BB-A688-11726881407F}.Release|Any CPU.Build.0 = Release|Any CPU
	EndGlobalSection
	GlobalSection(SolutionProperties) = preSolution
		HideSolutionNode = FALSE
	EndGlobalSection
	GlobalSection(ExtensibilityGlobals) = postSolution
		SolutionGuid = {E25FFCF9-A429-47F3-81D2-83F8BF36B15E}
	EndGlobalSection
EndGlobal
